<?xml version="1.0" encoding="utf-8"?>
<Project ToolsVersion="Current" xmlns="http://schemas.microsoft.com/developer/msbuild/2003">
  <ItemGroup>
    <Filter Include="Source">
      <UniqueIdentifier>{4FC737F1-C7A5-4376-A066-2A32D752A2FF}</UniqueIdentifier>
    </Filter>
    <Filter Include="Workloads">
      <UniqueIdentifier>{93995380-89BD-4b04-88EB-625FBE52EBFB}</UniqueIdentifier>
    </Filter>
    <Filter Include="Production">
      <UniqueIdentifier>{67DA6AB6-FC0F-4FFE-879F-0F9C8F2E2C9E}</UniqueIdentifier>
    </Filter>
  </ItemGroup>
  <ItemGroup>
    <ClCompile Include="main.cpp"><Filter>Source</Filter></ClCompile>
    <ClCompile Include="StdAfx.cpp"><Filter>Source</Filter></ClCompile>
    <ClCompile Include="bench_harness.cpp"><Filter>Source</Filter></ClCompile>
    <ClCompile Include="bench_json.cpp"><Filter>Source</Filter></ClCompile>
    <ClCompile Include="bench_cli.cpp"><Filter>Source</Filter></ClCompile>
    <ClCompile Include="bench_buffer.cpp"><Filter>Workloads</Filter></ClCompile>
    <ClCompile Include="bench_buffer_support.cpp"><Filter>Source</Filter></ClCompile>
    <ClCompile Include="bench_protocol.cpp"><Filter>Workloads</Filter></ClCompile>
    <ClCompile Include="bench_hash.cpp"><Filter>Workloads</Filter></ClCompile>
    <ClCompile Include="bench_fileio.cpp"><Filter>Workloads</Filter></ClCompile>
    <ClCompile Include="buffer_production_tu.cpp"><Filter>Production</Filter></ClCompile>
  </ItemGroup>
</Project>
